
Microsoft Visual Studio Solution File, Format Version 12.00
# Visual Studio Version 17
VisualStudioVersion = 17.4.33110.190
MinimumVisualStudioVersion = 10.0.40219.1
Project("{FAE04EC0-301F-11D3-BF4B-00C04F79EFBC}") = "Aparcamiento", "Aparcamiento.csproj", "{BBE3010A-08C4-44A3-BDF0-C865180C78FE}"
EndProject
Global
	GlobalSection(SolutionConfigurationPlatforms) = preSolution
		Debug|Any CPU = Debug|Any CPU
		Release|Any CPU = Release|Any CPU
	EndGlobalSection
	GlobalSection(ProjectConfigurationPlatforms) = postSolution
		{BBE3010A-08C4-44A3-BDF0-C865180C78FE}.Debug|Any CPU.ActiveCfg = Debug|Any CPU
		{BBE3010A-08C4-44A3-BDF0-C865180C78FE}.Debug|Any CPU.Build.0 = Debug|Any CPU
		{BBE3010A-08C4-44A3-BDF0-C865180C78FE}.Release|Any CPU.ActiveCfg = Release|Any CPU
		{BBE3010A-08C4-44A3-BDF0-C865180C78FE}.Release|Any CPU.Build.0 = Release|Any CPU
	EndGlobalSection
	GlobalSection(SolutionProperties) = preSolution
		HideSolutionNode = FALSE
	EndGlobalSection
	GlobalSection(ExtensibilityGlobals) = postSolution
		SolutionGuid = {88253773-D5F3-400F-BC42-535D689B90D7}
	EndGlobalSection
EndGlobal
